
Microsoft Visual Studio Solution File, Format Version 12.00
# Visual Studio Version 16
VisualStudioVersion = 16.0.29411.138
MinimumVisualStudioVersion = 10.0.40219.1
Project("{9A19103F-16F7-4668-BE54-9A1E7A4F7556}") = "Singleton", "Singleton\Singleton.csproj", "{8EEE020A-2C97-40C9-8E17-0A1A612415E0}"
EndProject
Project("{9A19103F-16F7-4668-BE54-9A1E7A4F7556}") = "FactoryMethod", "FactoryMethod\FactoryMethod.csproj", "{9D148A14-4871-4CB6-ABAA-73F91E4F3E41}"
EndProject
Project("{9A19103F-16F7-4668-BE54-9A1E7A4F7556}") = "AbstractFactory", "AbstractFactory\AbstractFactory.csproj", "{D08ED678-8F27-4D22-B9A5-798668B807DE}"
EndProject
Project("{9A19103F-16F7-4668-BE54-9A1E7A4F7556}") = "ChainOfResponsibility", "ChainOfResponsibility\ChainOfResponsibility.csproj", "{C26A1150-7532-4F57-B43B-8B4A8FB86368}"
EndProject
Project("{9A19103F-16F7-4668-BE54-9A1E7A4F7556}") = "Observer", "Observer\Observer.csproj", "{95676822-C22C-406F-86B9-142FD226E007}"
EndProject
Project("{9A19103F-16F7-4668-BE54-9A1E7A4F7556}") = "TemplateMethod", "TemplateMethod\TemplateMethod.csproj", "{4506CA76-AC6A-4C2F-8887-4E3404E1A2C2}"
EndProject
Project("{9A19103F-16F7-4668-BE54-9A1E7A4F7556}") = "Composite", "Composite\Composite.csproj", "{29534CC2-6486-4AEC-A978-9B079CA87E81}"
EndProject
Project("{FAE04EC0-301F-11D3-BF4B-00C04F79EFBC}") = "Mediator", "Mediator\Mediator.csproj", "{08BEF139-94CF-41AE-9FFF-AD1D3147B1D9}"
EndProject
Project("{9A19103F-16F7-4668-BE54-9A1E7A4F7556}") = "Decorator", "Decorator\Decorator.csproj", "{DFCD6A7F-9B17-4F0A-9003-F1FC7B9CA04E}"
EndProject
Project("{9A19103F-16F7-4668-BE54-9A1E7A4F7556}") = "Adapter", "Adapter\Adapter.csproj", "{F558250D-BEAE-4388-80DD-2ECA08C40155}"
EndProject
Project("{9A19103F-16F7-4668-BE54-9A1E7A4F7556}") = "Memento", "Memento\Memento.csproj", "{781BB8E2-1ED6-4F2E-A371-83F0327336EE}"
EndProject
Project("{9A19103F-16F7-4668-BE54-9A1E7A4F7556}") = "Bridge", "Bridge\Bridge.csproj", "{1E8B9120-3D96-4A34-B5C8-A9AC2BADBD11}"
EndProject
Project("{9A19103F-16F7-4668-BE54-9A1E7A4F7556}") = "Facade", "Facade\Facade.csproj", "{F9320DDB-A6D0-453C-A58D-D9752DC88C94}"
EndProject
Project("{9A19103F-16F7-4668-BE54-9A1E7A4F7556}") = "Command", "Command\Command.csproj", "{37169523-60C6-4E8A-AED1-CD68806DA9FA}"
EndProject
Project("{9A19103F-16F7-4668-BE54-9A1E7A4F7556}") = "Strategy", "Strategy\Strategy.csproj", "{3C1F4A75-5808-4CAD-B477-80CB892AC482}"
EndProject
Project("{9A19103F-16F7-4668-BE54-9A1E7A4F7556}") = "Prototype", "Prototype\Prototype.csproj", "{02A1BFAC-62B4-4333-A977-09CEB0BA3853}"
EndProject
Project("{9A19103F-16F7-4668-BE54-9A1E7A4F7556}") = "Builder", "Builder\Builder.csproj", "{F11D53A1-DF0B-4D19-9CB7-E261460BD972}"
EndProject
Project("{9A19103F-16F7-4668-BE54-9A1E7A4F7556}") = "Proxy", "Proxy\Proxy.csproj", "{A11BB7AB-9C85-4E45-9282-4E9A57D152FD}"
EndProject
Project("{9A19103F-16F7-4668-BE54-9A1E7A4F7556}") = "Iterator", "Iterator\Iterator.csproj", "{9EFF2A3C-1259-47B3-B2CF-36F9E7220FBF}"
EndProject
Project("{9A19103F-16F7-4668-BE54-9A1E7A4F7556}") = "Flyweight", "Flyweight\Flyweight.csproj", "{D66816DD-F78E-4B91-B836-7E392725DB6A}"
EndProject
Project("{9A19103F-16F7-4668-BE54-9A1E7A4F7556}") = "State", "State\State.csproj", "{F75C54AC-3E42-49B3-9C4D-534FCB88CCD4}"
EndProject
Project("{FAE04EC0-301F-11D3-BF4B-00C04F79EFBC}") = "Interpreter", "Interpreter\Interpreter.csproj", "{7263EC14-4C75-44C8-84EF-45CB2C9397A7}"
EndProject
Project("{FAE04EC0-301F-11D3-BF4B-00C04F79EFBC}") = "Visitor", "Visitor\Visitor.csproj", "{63FEEE9B-10AD-4EDC-A32C-405B785CBBE5}"
EndProject
Global
	GlobalSection(SolutionConfigurationPlatforms) = preSolution
		Debug|Any CPU = Debug|Any CPU
		Release|Any CPU = Release|Any CPU
	EndGlobalSection
	GlobalSection(ProjectConfigurationPlatforms) = postSolution
		{8EEE020A-2C97-40C9-8E17-0A1A612415E0}.Debug|Any CPU.ActiveCfg = Debug|Any CPU
		{8EEE020A-2C97-40C9-8E17-0A1A612415E0}.Debug|Any CPU.Build.0 = Debug|Any CPU
		{8EEE020A-2C97-40C9-8E17-0A1A612415E0}.Release|Any CPU.ActiveCfg = Release|Any CPU
		{8EEE020A-2C97-40C9-8E17-0A1A612415E0}.Release|Any CPU.Build.0 = Release|Any CPU
		{9D148A14-4871-4CB6-ABAA-73F91E4F3E41}.Debug|Any CPU.ActiveCfg = Debug|Any CPU
		{9D148A14-4871-4CB6-ABAA-73F91E4F3E41}.Debug|Any CPU.Build.0 = Debug|Any CPU
		{9D148A14-4871-4CB6-ABAA-73F91E4F3E41}.Release|Any CPU.ActiveCfg = Release|Any CPU
		{9D148A14-4871-4CB6-ABAA-73F91E4F3E41}.Release|Any CPU.Build.0 = Release|Any CPU
		{D08ED678-8F27-4D22-B9A5-798668B807DE}.Debug|Any CPU.ActiveCfg = Debug|Any CPU
		{D08ED678-8F27-4D22-B9A5-798668B807DE}.Debug|Any CPU.Build.0 = Debug|Any CPU
		{D08ED678-8F27-4D22-B9A5-798668B807DE}.Release|Any CPU.ActiveCfg = Release|Any CPU
		{D08ED678-8F27-4D22-B9A5-798668B807DE}.Release|Any CPU.Build.0 = Release|Any CPU
		{C26A1150-7532-4F57-B43B-8B4A8FB86368}.Debug|Any CPU.ActiveCfg = Debug|Any CPU
		{C26A1150-7532-4F57-B43B-8B4A8FB86368}.Debug|Any CPU.Build.0 = Debug|Any CPU
		{C26A1150-7532-4F57-B43B-8B4A8FB86368}.Release|Any CPU.ActiveCfg = Release|Any CPU
		{C26A1150-7532-4F57-B43B-8B4A8FB86368}.Release|Any CPU.Build.0 = Release|Any CPU
		{95676822-C22C-406F-86B9-142FD226E007}.Debug|Any CPU.ActiveCfg = Debug|Any CPU
		{95676822-C22C-406F-86B9-142FD226E007}.Debug|Any CPU.Build.0 = Debug|Any CPU
		{95676822-C22C-406F-86B9-142FD226E007}.Release|Any CPU.ActiveCfg = Release|Any CPU
		{95676822-C22C-406F-86B9-142FD226E007}.Release|Any CPU.Build.0 = Release|Any CPU
		{4506CA76-AC6A-4C2F-8887-4E3404E1A2C2}.Debug|Any CPU.ActiveCfg = Debug|Any CPU
		{4506CA76-AC6A-4C2F-8887-4E3404E1A2C2}.Debug|Any CPU.Build.0 = Debug|Any CPU
		{4506CA76-AC6A-4C2F-8887-4E3404E1A2C2}.Release|Any CPU.ActiveCfg = Release|Any CPU
		{4506CA76-AC6A-4C2F-8887-4E3404E1A2C2}.Release|Any CPU.Build.0 = Release|Any CPU
		{29534CC2-6486-4AEC-A978-9B079CA87E81}.Debug|Any CPU.ActiveCfg = Debug|Any CPU
		{29534CC2-6486-4AEC-A978-9B079CA87E81}.Debug|Any CPU.Build.0 = Debug|Any CPU
		{29534CC2-6486-4AEC-A978-9B079CA87E81}.Release|Any CPU.ActiveCfg = Release|Any CPU
		{29534CC2-6486-4AEC-A978-9B079CA87E81}.Release|Any CPU.Build.0 = Release|Any CPU
		{08BEF139-94CF-41AE-9FFF-AD1D3147B1D9}.Debug|Any CPU.ActiveCfg = Debug|Any CPU
		{08BEF139-94CF-41AE-9FFF-AD1D3147B1D9}.Debug|Any CPU.Build.0 = Debug|Any CPU
		{08BEF139-94CF-41AE-9FFF-AD1D3147B1D9}.Release|Any CPU.ActiveCfg = Release|Any CPU
		{08BEF139-94CF-41AE-9FFF-AD1D3147B1D9}.Release|Any CPU.Build.0 = Release|Any CPU
		{DFCD6A7F-9B17-4F0A-9003-F1FC7B9CA04E}.Debug|Any CPU.ActiveCfg = Debug|Any CPU
		{DFCD6A7F-9B17-4F0A-9003-F1FC7B9CA04E}.Debug|Any CPU.Build.0 = Debug|Any CPU
		{DFCD6A7F-9B17-4F0A-9003-F1FC7B9CA04E}.Release|Any CPU.ActiveCfg = Release|Any CPU
		{DFCD6A7F-9B17-4F0A-9003-F1FC7B9CA04E}.Release|Any CPU.Build.0 = Release|Any CPU
		{F558250D-BEAE-4388-80DD-2ECA08C40155}.Debug|Any CPU.ActiveCfg = Debug|Any CPU
		{F558250D-BEAE-4388-80DD-2ECA08C40155}.Debug|Any CPU.Build.0 = Debug|Any CPU
		{F558250D-BEAE-4388-80DD-2ECA08C40155}.Release|Any CPU.ActiveCfg = Release|Any CPU
		{F558250D-BEAE-4388-80DD-2ECA08C40155}.Release|Any CPU.Build.0 = Release|Any CPU
		{781BB8E2-1ED6-4F2E-A371-83F0327336EE}.Debug|Any CPU.ActiveCfg = Debug|Any CPU
		{781BB8E2-1ED6-4F2E-A371-83F0327336EE}.Debug|Any CPU.Build.0 = Debug|Any CPU
		{781BB8E2-1ED6-4F2E-A371-83F0327336EE}.Release|Any CPU.ActiveCfg = Release|Any CPU
		{781BB8E2-1ED6-4F2E-A371-83F0327336EE}.Release|Any CPU.Build.0 = Release|Any CPU
		{1E8B9120-3D96-4A34-B5C8-A9AC2BADBD11}.Debug|Any CPU.ActiveCfg = Debug|Any CPU
		{1E8B9120-3D96-4A34-B5C8-A9AC2BADBD11}.Debug|Any CPU.Build.0 = Debug|Any CPU
		{1E8B9120-3D96-4A34-B5C8-A9AC2BADBD11}.Release|Any CPU.ActiveCfg = Release|Any CPU
		{1E8B9120-3D96-4A34-B5C8-A9AC2BADBD11}.Release|Any CPU.Build.0 = Release|Any CPU
		{F9320DDB-A6D0-453C-A58D-D9752DC88C94}.Debug|Any CPU.ActiveCfg = Debug|Any CPU
		{F9320DDB-A6D0-453C-A58D-D9752DC88C94}.Debug|Any CPU.Build.0 = Debug|Any CPU
		{F9320DDB-A6D0-453C-A58D-D9752DC88C94}.Release|Any CPU.ActiveCfg = Release|Any CPU
		{F9320DDB-A6D0-453C-A58D-D9752DC88C94}.Release|Any CPU.Build.0 = Release|Any CPU
		{37169523-60C6-4E8A-AED1-CD68806DA9FA}.Debug|Any CPU.ActiveCfg = Debug|Any CPU
		{37169523-60C6-4E8A-AED1-CD68806DA9FA}.Debug|Any CPU.Build.0 = Debug|Any CPU
		{37169523-60C6-4E8A-AED1-CD68806DA9FA}.Release|Any CPU.ActiveCfg = Release|Any CPU
		{37169523-60C6-4E8A-AED1-CD68806DA9FA}.Release|Any CPU.Build.0 = Release|Any CPU
		{3C1F4A75-5808-4CAD-B477-80CB892AC482}.Debug|Any CPU.ActiveCfg = Debug|Any CPU
		{3C1F4A75-5808-4CAD-B477-80CB892AC482}.Debug|Any CPU.Build.0 = Debug|Any CPU
		{3C1F4A75-5808-4CAD-B477-80CB892AC482}.Release|Any CPU.ActiveCfg = Release|Any CPU
		{3C1F4A75-5808-4CAD-B477-80CB892AC482}.Release|Any CPU.Build.0 = Release|Any CPU
		{02A1BFAC-62B4-4333-A977-09CEB0BA3853}.Debug|Any CPU.ActiveCfg = Debug|Any CPU
		{02A1BFAC-62B4-4333-A977-09CEB0BA3853}.Debug|Any CPU.Build.0 = Debug|Any CPU
		{02A1BFAC-62B4-4333-A977-09CEB0BA3853}.Release|Any CPU.ActiveCfg = Release|Any CPU
		{02A1BFAC-62B4-4333-A977-09CEB0BA3853}.Release|Any CPU.Build.0 = Release|Any CPU
		{F11D53A1-DF0B-4D19-9CB7-E261460BD972}.Debug|Any CPU.ActiveCfg = Debug|Any CPU
		{F11D53A1-DF0B-4D19-9CB7-E261460BD972}.Debug|Any CPU.Build.0 = Debug|Any CPU
		{F11D53A1-DF0B-4D19-9CB7-E261460BD972}.Release|Any CPU.ActiveCfg = Release|Any CPU
		{F11D53A1-DF0B-4D19-9CB7-E261460BD972}.Release|Any CPU.Build.0 = Release|Any CPU
		{A11BB7AB-9C85-4E45-9282-4E9A57D152FD}.Debug|Any CPU.ActiveCfg = Debug|Any CPU
		{A11BB7AB-9C85-4E45-9282-4E9A57D152FD}.Debug|Any CPU.Build.0 = Debug|Any CPU
		{A11BB7AB-9C85-4E45-9282-4E9A57D152FD}.Release|Any CPU.ActiveCfg = Release|Any CPU
		{A11BB7AB-9C85-4E45-9282-4E9A57D152FD}.Release|Any CPU.Build.0 = Release|Any CPU
		{9EFF2A3C-1259-47B3-B2CF-36F9E7220FBF}.Debug|Any CPU.ActiveCfg = Debug|Any CPU
		{9EFF2A3C-1259-47B3-B2CF-36F9E7220FBF}.Debug|Any CPU.Build.0 = Debug|Any CPU
		{9EFF2A3C-1259-47B3-B2CF-36F9E7220FBF}.Release|Any CPU.ActiveCfg = Release|Any CPU
		{9EFF2A3C-1259-47B3-B2CF-36F9E7220FBF}.Release|Any CPU.Build.0 = Release|Any CPU
		{D66816DD-F78E-4B91-B836-7E392725DB6A}.Debug|Any CPU.ActiveCfg = Debug|Any CPU
		{D66816DD-F78E-4B91-B836-7E392725DB6A}.Debug|Any CPU.Build.0 = Debug|Any CPU
		{D66816DD-F78E-4B91-B836-7E392725DB6A}.Release|Any CPU.ActiveCfg = Release|Any CPU
		{D66816DD-F78E-4B91-B836-7E392725DB6A}.Release|Any CPU.Build.0 = Release|Any CPU
		{F75C54AC-3E42-49B3-9C4D-534FCB88CCD4}.Debug|Any CPU.ActiveCfg = Debug|Any CPU
		{F75C54AC-3E42-49B3-9C4D-534FCB88CCD4}.Debug|Any CPU.Build.0 = Debug|Any CPU
		{F75C54AC-3E42-49B3-9C4D-534FCB88CCD4}.Release|Any CPU.ActiveCfg = Release|Any CPU
		{F75C54AC-3E42-49B3-9C4D-534FCB88CCD4}.Release|Any CPU.Build.0 = Release|Any CPU
		{7263EC14-4C75-44C8-84EF-45CB2C9397A7}.Debug|Any CPU.ActiveCfg = Debug|Any CPU
		{7263EC14-4C75-44C8-84EF-45CB2C9397A7}.Debug|Any CPU.Build.0 = Debug|Any CPU
		{7263EC14-4C75-44C8-84EF-45CB2C9397A7}.Release|Any CPU.ActiveCfg = Release|Any CPU
		{7263EC14-4C75-44C8-84EF-45CB2C9397A7}.Release|Any CPU.Build.0 = Release|Any CPU
		{63FEEE9B-10AD-4EDC-A32C-405B785CBBE5}.Debug|Any CPU.ActiveCfg = Debug|Any CPU
		{63FEEE9B-10AD-4EDC-A32C-405B785CBBE5}.Debug|Any CPU.Build.0 = Debug|Any CPU
		{63FEEE9B-10AD-4EDC-A32C-405B785CBBE5}.Release|Any CPU.ActiveCfg = Release|Any CPU
		{63FEEE9B-10AD-4EDC-A32C-405B785CBBE5}.Release|Any CPU.Build.0 = Release|Any CPU
	EndGlobalSection
	GlobalSection(SolutionProperties) = preSolution
		HideSolutionNode = FALSE
	EndGlobalSection
	GlobalSection(ExtensibilityGlobals) = postSolution
		SolutionGuid = {2D63E9A0-0FE5-4060-9865-9474B3DDB2B6}
	EndGlobalSection
EndGlobal
